# THIS IS AN AUTOGENERATED FILE. DO NOT EDIT THIS FILE DIRECTLY.
# yarn lockfile v1


zzwdateformat@^1.0.2, zzwdateformat@^1.0.6:
  version "1.0.6"
  resolved "https://registry.yarnpkg.com/zzwdateformat/-/zzwdateformat-1.0.6.tgz#f0e942f56ba528516b4fea977f66e367b96de25f"
  integrity sha512-gy+QHsgpWyZDUrj0q/kxj3MpTqwlMobFtQV4CkGAktYgnPZnWCwKupAMkQVlaq3Iapi/6HaRe2FV1pf33/WfmQ==
  dependencies:
    zzwdateformat "^1.0.2"
